
Microsoft Visual Studio Solution File, Format Version 12.00
# Visual Studio Version 17
VisualStudioVersion = 17.4.33213.308
MinimumVisualStudioVersion = 10.0.40219.1
Project("{FAE04EC0-301F-11D3-BF4B-00C04F79EFBC}") = "DotNet Lab3", "DotNet Lab3.csproj", "{2BBE110C-D367-4E58-AC21-F830E3DF2737}"
EndProject
Global
	GlobalSection(SolutionConfigurationPlatforms) = preSolution
		Debug|Any CPU = Debug|Any CPU
		Release|Any CPU = Release|Any CPU
	EndGlobalSection
	GlobalSection(ProjectConfigurationPlatforms) = postSolution
		{2BBE110C-D367-4E58-AC21-F830E3DF2737}.Debug|Any CPU.ActiveCfg = Debug|Any CPU
		{2BBE110C-D367-4E58-AC21-F830E3DF2737}.Debug|Any CPU.Build.0 = Debug|Any CPU
		{2BBE110C-D367-4E58-AC21-F830E3DF2737}.Release|Any CPU.ActiveCfg = Release|Any CPU
		{2BBE110C-D367-4E58-AC21-F830E3DF2737}.Release|Any CPU.Build.0 = Release|Any CPU
	EndGlobalSection
	GlobalSection(SolutionProperties) = preSolution
		HideSolutionNode = FALSE
	EndGlobalSection
	GlobalSection(ExtensibilityGlobals) = postSolution
		SolutionGuid = {D954E454-1CF3-4ADA-9BF6-EC82BA9D3CD9}
	EndGlobalSection
EndGlobal
